
Microsoft Visual Studio Solution File, Format Version 12.00
# Visual Studio Version 16
VisualStudioVersion = 16.0.31005.135
MinimumVisualStudioVersion = 10.0.40219.1
Project("{FAE04EC0-301F-11D3-BF4B-00C04F79EFBC}") = "InsertIntoArray", "InsertIntoArray\InsertIntoArray.csproj", "{D1884131-6C57-4DAB-8E0E-3FB01041BEAE}"
EndProject
Global
	GlobalSection(SolutionConfigurationPlatforms) = preSolution
		Debug|Any CPU = Debug|Any CPU
		Release|Any CPU = Release|Any CPU
	EndGlobalSection
	GlobalSection(ProjectConfigurationPlatforms) = postSolution
		{D1884131-6C57-4DAB-8E0E-3FB01041BEAE}.Debug|Any CPU.ActiveCfg = Debug|Any CPU
		{D1884131-6C57-4DAB-8E0E-3FB01041BEAE}.Debug|Any CPU.Build.0 = Debug|Any CPU
		{D1884131-6C57-4DAB-8E0E-3FB01041BEAE}.Release|Any CPU.ActiveCfg = Release|Any CPU
		{D1884131-6C57-4DAB-8E0E-3FB01041BEAE}.Release|Any CPU.Build.0 = Release|Any CPU
	EndGlobalSection
	GlobalSection(SolutionProperties) = preSolution
		HideSolutionNode = FALSE
	EndGlobalSection
	GlobalSection(ExtensibilityGlobals) = postSolution
		SolutionGuid = {E60D312F-E4D0-47E5-B744-8C1F7DD44A00}
	EndGlobalSection
EndGlobal
